
Microsoft Visual Studio Solution File, Format Version 11.00
# Visual Studio 2010
Project("{FAE04EC0-301F-11D3-BF4B-00C04F79EFBC}") = "MultidiskBackup", "WindowsFormsApplication5\MultidiskBackup.csproj", "{8AEEF2A9-7DB2-4BA9-8623-C2210F764ED9}"
EndProject
Project("{FAE04EC0-301F-11D3-BF4B-00C04F79EFBC}") = "MultidiskBackupTests", "MultidiskBackupTests\MultidiskBackupTests.csproj", "{61EA8AB3-7BD0-4EC1-93DB-F9A487561A10}"
EndProject
Project("{2150E333-8FDC-42A3-9474-1A3956D46DE8}") = "Solution Items", "Solution Items", "{F3750150-487E-4236-B141-99A2B3455C34}"
	ProjectSection(SolutionItems) = preProject
		Local.testsettings = Local.testsettings
		MultidiskBackup.vsmdi = MultidiskBackup.vsmdi
		TraceAndTestImpact.testsettings = TraceAndTestImpact.testsettings
	EndProjectSection
EndProject
Global
	GlobalSection(TestCaseManagementSettings) = postSolution
		CategoryFile = MultidiskBackup.vsmdi
	EndGlobalSection
	GlobalSection(SolutionConfigurationPlatforms) = preSolution
		Debug|Any CPU = Debug|Any CPU
		Debug|Mixed Platforms = Debug|Mixed Platforms
		Debug|x86 = Debug|x86
		Release|Any CPU = Release|Any CPU
		Release|Mixed Platforms = Release|Mixed Platforms
		Release|x86 = Release|x86
	EndGlobalSection
	GlobalSection(ProjectConfigurationPlatforms) = postSolution
		{8AEEF2A9-7DB2-4BA9-8623-C2210F764ED9}.Debug|Any CPU.ActiveCfg = Debug|x86
		{8AEEF2A9-7DB2-4BA9-8623-C2210F764ED9}.Debug|Mixed Platforms.ActiveCfg = Debug|x86
		{8AEEF2A9-7DB2-4BA9-8623-C2210F764ED9}.Debug|Mixed Platforms.Build.0 = Debug|x86
		{8AEEF2A9-7DB2-4BA9-8623-C2210F764ED9}.Debug|x86.ActiveCfg = Debug|x86
		{8AEEF2A9-7DB2-4BA9-8623-C2210F764ED9}.Debug|x86.Build.0 = Debug|x86
		{8AEEF2A9-7DB2-4BA9-8623-C2210F764ED9}.Release|Any CPU.ActiveCfg = Release|x86
		{8AEEF2A9-7DB2-4BA9-8623-C2210F764ED9}.Release|Mixed Platforms.ActiveCfg = Release|x86
		{8AEEF2A9-7DB2-4BA9-8623-C2210F764ED9}.Release|Mixed Platforms.Build.0 = Release|x86
		{8AEEF2A9-7DB2-4BA9-8623-C2210F764ED9}.Release|x86.ActiveCfg = Release|x86
		{8AEEF2A9-7DB2-4BA9-8623-C2210F764ED9}.Release|x86.Build.0 = Release|x86
		{61EA8AB3-7BD0-4EC1-93DB-F9A487561A10}.Debug|Any CPU.ActiveCfg = Debug|Any CPU
		{61EA8AB3-7BD0-4EC1-93DB-F9A487561A10}.Debug|Any CPU.Build.0 = Debug|Any CPU
		{61EA8AB3-7BD0-4EC1-93DB-F9A487561A10}.Debug|Mixed Platforms.ActiveCfg = Debug|Any CPU
		{61EA8AB3-7BD0-4EC1-93DB-F9A487561A10}.Debug|Mixed Platforms.Build.0 = Debug|Any CPU
		{61EA8AB3-7BD0-4EC1-93DB-F9A487561A10}.Debug|x86.ActiveCfg = Debug|Any CPU
		{61EA8AB3-7BD0-4EC1-93DB-F9A487561A10}.Release|Any CPU.ActiveCfg = Release|Any CPU
		{61EA8AB3-7BD0-4EC1-93DB-F9A487561A10}.Release|Any CPU.Build.0 = Release|Any CPU
		{61EA8AB3-7BD0-4EC1-93DB-F9A487561A10}.Release|Mixed Platforms.ActiveCfg = Release|Any CPU
		{61EA8AB3-7BD0-4EC1-93DB-F9A487561A10}.Release|Mixed Platforms.Build.0 = Release|Any CPU
		{61EA8AB3-7BD0-4EC1-93DB-F9A487561A10}.Release|x86.ActiveCfg = Release|Any CPU
	EndGlobalSection
	GlobalSection(SolutionProperties) = preSolution
		HideSolutionNode = FALSE
	EndGlobalSection
EndGlobal
